PODS:
  - Eureka (5.1.0)
  - Realm (4.3.0):
    - Realm/Headers (= 4.3.0)
  - Realm/Headers (4.3.0)
  - RealmSwift (4.3.0):
    - Realm (= 4.3.0)
  - TesseractOCRiOS (5.0.1)

DEPENDENCIES:
  - Eureka
  - RealmSwift (~> 4.3.0)
  - TesseractOCRiOS

SPEC REPOS:
  https://github.com/cocoapods/specs.git:
    - Eureka
    - Realm
    - RealmSwift
    - TesseractOCRiOS

SPEC CHECKSUMS:
  Eureka: 18a5076dcf0c41f9cd9748aa1c42f4d11434bdae
  Realm: 9357c3589555793e1860a7104a7412bca4a48d99
  RealmSwift: 402f1e379a8ef82c635313037b043f0f06de880c
  TesseractOCRiOS: 2c189465f86abb030d0c5141c90da9705b647854

PODFILE CHECKSUM: 4d6051ebd516b375957f3d16268b69a88cd99af9

COCOAPODS: 1.6.1
